<?xml version="1.0" encoding="utf-8"?>
<Project ToolsVersion="4.0" xmlns="http://schemas.microsoft.com/developer/msbuild/2003">
  <ItemGroup>
    <Filter Include="Source Files">
      <UniqueIdentifier>{4FC737F1-C7A5-4376-A066-2A32D752A2FF}</UniqueIdentifier>
      <Extensions>cpp;c;cc;cxx;def;odl;idl;hpj;bat;asm;asmx</Extensions>
    </Filter>
    <Filter Include="Header Files">
      <UniqueIdentifier>{93995380-89BD-4b04-88EB-625FBE52EBFB}</UniqueIdentifier>
      <Extensions>h;hpp;hxx;hm;inl;inc;xsd</Extensions>
    </Filter>
    <Filter Include="Resource Files">
      <UniqueIdentifier>{67DA6AB6-F800-4c08-8B7A-83BB121AAD01}</UniqueIdentifier>
      <Extensions>rc;ico;cur;bmp;dlg;rc2;rct;bin;rgs;gif;jpg;jpeg;jpe;resx;tiff;tif;png;wav</Extensions>
    </Filter>
  </ItemGroup>
  <ItemGroup>
    <ClCompile Include="Geometry\BoundingBox.cpp">
      <Filter>Source Files</Filter>
    </ClCompile>
    <ClCompile Include="Miscs\BPOReader.cpp">
      <Filter>Source Files</Filter>
    </ClCompile>
    <ClCompile Include="Miscs\BPOWriter.cpp">
      <Filter>Source Files</Filter>
    </ClCompile>
    <ClCompile Include="Miscs\BPReader.cpp">
      <Filter>Source Files</Filter>
    </ClCompile>
    <ClCompile Include="Miscs\BPWriter.cpp">
      <Filter>Source Files</Filter>
    </ClCompile>
    <ClCompile Include="Miscs\Histogram.cpp">
      <Filter>Source Files</Filter>
    </ClCompile>
    <ClCompile Include="Miscs\HistReader.cpp">
      <Filter>Source Files</Filter>
    </ClCompile>
    <ClCompile Include="Miscs\HistWriter.cpp">
      <Filter>Source Files</Filter>
    </ClCompile>
    <ClCompile Include="Geometry\IndexingGrid.cpp">
      <Filter>Source Files</Filter>
    </ClCompile>
    <ClCompile Include="Geometry\Mesh.cpp">
      <Filter>Source Files</Filter>
    </ClCompile>
    <ClCompile Include="Miscs\MeshWriter.cpp">
      <Filter>Source Files</Filter>
    </ClCompile>
    <ClCompile Include="Miscs\NumericalSolver.cpp">
      <Filter>Source Files</Filter>
    </ClCompile>
    <ClCompile Include="Miscs\OBJWriter.cpp">
      <Filter>Source Files</Filter>
    </ClCompile>
    <ClCompile Include="Geometry\Outline.cpp">
      <Filter>Source Files</Filter>
    </ClCompile>
    <ClCompile Include="Geometry\PointCloud.cpp">
      <Filter>Source Files</Filter>
    </ClCompile>
    <ClCompile Include="Streaming\SPAReader.cpp">
      <Filter>Source Files</Filter>
    </ClCompile>
    <ClCompile Include="Streaming\SPAWriter.cpp">
      <Filter>Source Files</Filter>
    </ClCompile>
    <ClCompile Include="Streaming\SPBReader.cpp">
      <Filter>Source Files</Filter>
    </ClCompile>
    <ClCompile Include="Streaming\SPBWriter.cpp">
      <Filter>Source Files</Filter>
    </ClCompile>
    <ClCompile Include="Streaming\SPReader.cpp">
      <Filter>Source Files</Filter>
    </ClCompile>
    <ClCompile Include="Streaming\SPWriter.cpp">
      <Filter>Source Files</Filter>
    </ClCompile>
    <ClCompile Include="stdafx.cpp">
      <Filter>Source Files</Filter>
    </ClCompile>
    <ClCompile Include="Grid\StreamingGrid.cpp">
      <Filter>Source Files</Filter>
    </ClCompile>
    <ClCompile Include="Miscs\TimeMeter.cpp">
      <Filter>Source Files</Filter>
    </ClCompile>
    <ClCompile Include="Geometry\Vector3D.cpp">
      <Filter>Source Files</Filter>
    </ClCompile>
  </ItemGroup>
  <ItemGroup>
    <ClInclude Include="Geometry\BoundingBox.h">
      <Filter>Header Files</Filter>
    </ClInclude>
    <ClInclude Include="Miscs\BPCommon.h">
      <Filter>Header Files</Filter>
    </ClInclude>
    <ClInclude Include="Miscs\BPOCommon.h">
      <Filter>Header Files</Filter>
    </ClInclude>
    <ClInclude Include="Miscs\BPOReader.h">
      <Filter>Header Files</Filter>
    </ClInclude>
    <ClInclude Include="Miscs\BPOWriter.h">
      <Filter>Header Files</Filter>
    </ClInclude>
    <ClInclude Include="Miscs\BPReader.h">
      <Filter>Header Files</Filter>
    </ClInclude>
    <ClInclude Include="Miscs\BPWriter.h">
      <Filter>Header Files</Filter>
    </ClInclude>
    <ClInclude Include="Miscs\HistCommon.h">
      <Filter>Header Files</Filter>
    </ClInclude>
    <ClInclude Include="Miscs\Histogram.h">
      <Filter>Header Files</Filter>
    </ClInclude>
    <ClInclude Include="Miscs\HistReader.h">
      <Filter>Header Files</Filter>
    </ClInclude>
    <ClInclude Include="Miscs\HistWriter.h">
      <Filter>Header Files</Filter>
    </ClInclude>
    <ClInclude Include="Geometry\IndexingGrid.h">
      <Filter>Header Files</Filter>
    </ClInclude>
    <ClInclude Include="Lidar\LidarCommon.h">
      <Filter>Header Files</Filter>
    </ClInclude>
    <ClInclude Include="Geometry\LinePlane.h">
      <Filter>Header Files</Filter>
    </ClInclude>
    <ClInclude Include="Geometry\Mesh.h">
      <Filter>Header Files</Filter>
    </ClInclude>
    <ClInclude Include="Miscs\MeshWriter.h">
      <Filter>Header Files</Filter>
    </ClInclude>
    <ClInclude Include="Miscs\NumericalSolver.h">
      <Filter>Header Files</Filter>
    </ClInclude>
    <ClInclude Include="Miscs\OBJWriter.h">
      <Filter>Header Files</Filter>
    </ClInclude>
    <ClInclude Include="Geometry\Outline.h">
      <Filter>Header Files</Filter>
    </ClInclude>
    <ClInclude Include="Geometry\PointCloud.h">
      <Filter>Header Files</Filter>
    </ClInclude>
    <ClInclude Include="Streaming\SPACommon.h">
      <Filter>Header Files</Filter>
    </ClInclude>
    <ClInclude Include="Streaming\SPAReader.h">
      <Filter>Header Files</Filter>
    </ClInclude>
    <ClInclude Include="Streaming\SPAWriter.h">
      <Filter>Header Files</Filter>
    </ClInclude>
    <ClInclude Include="Streaming\SPBCommon.h">
      <Filter>Header Files</Filter>
    </ClInclude>
    <ClInclude Include="Streaming\SPBReader.h">
      <Filter>Header Files</Filter>
    </ClInclude>
    <ClInclude Include="Streaming\SPBWriter.h">
      <Filter>Header Files</Filter>
    </ClInclude>
    <ClInclude Include="Streaming\SPCommon.h">
      <Filter>Header Files</Filter>
    </ClInclude>
    <ClInclude Include="Streaming\SPReader.h">
      <Filter>Header Files</Filter>
    </ClInclude>
    <ClInclude Include="Streaming\SPWriter.h">
      <Filter>Header Files</Filter>
    </ClInclude>
    <ClInclude Include="stdafx.h">
      <Filter>Header Files</Filter>
    </ClInclude>
    <ClInclude Include="Grid\StreamingGrid.h">
      <Filter>Header Files</Filter>
    </ClInclude>
    <ClInclude Include="Miscs\TimeMeter.h">
      <Filter>Header Files</Filter>
    </ClInclude>
    <ClInclude Include="Geometry\Vector3D.h">
      <Filter>Header Files</Filter>
    </ClInclude>
  </ItemGroup>
  <ItemGroup>
    <Text Include="ReadMe.txt" />
  </ItemGroup>
</Project>